
Microsoft Visual Studio Solution File, Format Version 12.00
# Visual Studio Version 17
VisualStudioVersion = 17.7.34221.43
MinimumVisualStudioVersion = 10.0.40219.1
Project("{FAE04EC0-301F-11D3-BF4B-00C04F79EFBC}") = "BuildingMaterialStore", "BuildingMaterialStore\BuildingMaterialStore.csproj", "{BFCEAC62-5705-44FC-929C-ECB310A87571}"
EndProject
Project("{FAE04EC0-301F-11D3-BF4B-00C04F79EFBC}") = "FuelStation", "FuelStation\FuelStation.csproj", "{8D8996CC-6215-4C56-9C3A-3EE000310097}"
EndProject
Project("{FAE04EC0-301F-11D3-BF4B-00C04F79EFBC}") = "Appointments", "Appointments\Appointments.csproj", "{CDA7AF3D-4093-4DA1-988F-99BB2B534313}"
EndProject
Project("{FAE04EC0-301F-11D3-BF4B-00C04F79EFBC}") = "AutoCollection", "AutoCollection\AutoCollection.csproj", "{1DDF873A-0B9F-48A5-AF83-79E24E43B1E0}"
EndProject
Project("{FAE04EC0-301F-11D3-BF4B-00C04F79EFBC}") = "CallAccounting", "CallAccounting\CallAccounting.csproj", "{77EE9FD9-FF7F-4976-AFC9-CB3A4DD74292}"
EndProject
Project("{FAE04EC0-301F-11D3-BF4B-00C04F79EFBC}") = "BoltJunction", "BoltJunction\BoltJunction.csproj", "{47205A73-30E3-44CC-9D63-E36C1C648904}"
EndProject
Project("{FAE04EC0-301F-11D3-BF4B-00C04F79EFBC}") = "ExtremeFunc", "ExtremeFunc\ExtremeFunc.csproj", "{74BAF560-0AF6-4641-BCB1-E30145F0B834}"
EndProject
Project("{FAE04EC0-301F-11D3-BF4B-00C04F79EFBC}") = "AdAgency", "AdAgency\AdAgency.csproj", "{25C1A60A-E03D-4467-8B22-0C222905D02B}"
EndProject
Project("{FAE04EC0-301F-11D3-BF4B-00C04F79EFBC}") = "Ascents", "Ascents\Ascents.csproj", "{439C73A5-75F3-48CA-B046-974A20B5A790}"
EndProject
Project("{FAE04EC0-301F-11D3-BF4B-00C04F79EFBC}") = "SoftApp", "SoftApp\SoftApp.csproj", "{927AECFA-40C3-47C5-8003-2AFD406CE303}"
EndProject
Project("{8BC9CEB8-8B4A-11D0-8D11-00A0C91BC942}") = "MatrixVector", "MatrixVector\MatrixVector.vcxproj", "{73039450-23D5-4E3B-960E-4A27640B7CFB}"
EndProject
Project("{8BC9CEB8-8B4A-11D0-8D11-00A0C91BC942}") = "MatrixDet", "MatrixDet\MatrixDet.vcxproj", "{FA5392FB-F840-4A90-A1B1-A8D8A420CEF6}"
EndProject
Project("{FAE04EC0-301F-11D3-BF4B-00C04F79EFBC}") = "Graduates", "Graduates\Graduates.csproj", "{C5C1F14A-E135-4F01-BFC7-DDA20E93FF4F}"
EndProject
Project("{8BC9CEB8-8B4A-11D0-8D11-00A0C91BC942}") = "MatrixVectorCls", "MatrixVectorCls\MatrixVectorCls.vcxproj", "{69575F33-0625-4807-A425-4615DD575E8A}"
EndProject
Project("{FAE04EC0-301F-11D3-BF4B-00C04F79EFBC}") = "PersonalNotes", "PersonalNotes\PersonalNotes.csproj", "{8855233E-5958-43D0-9AD8-9CEF255C6859}"
EndProject
Global
	GlobalSection(SolutionConfigurationPlatforms) = preSolution
		Debug|Any CPU = Debug|Any CPU
		Debug|x64 = Debug|x64
		Debug|x86 = Debug|x86
		Release|Any CPU = Release|Any CPU
		Release|x64 = Release|x64
		Release|x86 = Release|x86
	EndGlobalSection
	GlobalSection(ProjectConfigurationPlatforms) = postSolution
		{BFCEAC62-5705-44FC-929C-ECB310A87571}.Debug|Any CPU.ActiveCfg = Debug|Any CPU
		{BFCEAC62-5705-44FC-929C-ECB310A87571}.Debug|Any CPU.Build.0 = Debug|Any CPU
		{BFCEAC62-5705-44FC-929C-ECB310A87571}.Debug|x64.ActiveCfg = Debug|Any CPU
		{BFCEAC62-5705-44FC-929C-ECB310A87571}.Debug|x64.Build.0 = Debug|Any CPU
		{BFCEAC62-5705-44FC-929C-ECB310A87571}.Debug|x86.ActiveCfg = Debug|Any CPU
		{BFCEAC62-5705-44FC-929C-ECB310A87571}.Debug|x86.Build.0 = Debug|Any CPU
		{BFCEAC62-5705-44FC-929C-ECB310A87571}.Release|Any CPU.ActiveCfg = Release|Any CPU
		{BFCEAC62-5705-44FC-929C-ECB310A87571}.Release|Any CPU.Build.0 = Release|Any CPU
		{BFCEAC62-5705-44FC-929C-ECB310A87571}.Release|x64.ActiveCfg = Release|Any CPU
		{BFCEAC62-5705-44FC-929C-ECB310A87571}.Release|x64.Build.0 = Release|Any CPU
		{BFCEAC62-5705-44FC-929C-ECB310A87571}.Release|x86.ActiveCfg = Release|Any CPU
		{BFCEAC62-5705-44FC-929C-ECB310A87571}.Release|x86.Build.0 = Release|Any CPU
		{8D8996CC-6215-4C56-9C3A-3EE000310097}.Debug|Any CPU.ActiveCfg = Debug|Any CPU
		{8D8996CC-6215-4C56-9C3A-3EE000310097}.Debug|Any CPU.Build.0 = Debug|Any CPU
		{8D8996CC-6215-4C56-9C3A-3EE000310097}.Debug|x64.ActiveCfg = Debug|Any CPU
		{8D8996CC-6215-4C56-9C3A-3EE000310097}.Debug|x64.Build.0 = Debug|Any CPU
		{8D8996CC-6215-4C56-9C3A-3EE000310097}.Debug|x86.ActiveCfg = Debug|Any CPU
		{8D8996CC-6215-4C56-9C3A-3EE000310097}.Debug|x86.Build.0 = Debug|Any CPU
		{8D8996CC-6215-4C56-9C3A-3EE000310097}.Release|Any CPU.ActiveCfg = Release|Any CPU
		{8D8996CC-6215-4C56-9C3A-3EE000310097}.Release|Any CPU.Build.0 = Release|Any CPU
		{8D8996CC-6215-4C56-9C3A-3EE000310097}.Release|x64.ActiveCfg = Release|Any CPU
		{8D8996CC-6215-4C56-9C3A-3EE000310097}.Release|x64.Build.0 = Release|Any CPU
		{8D8996CC-6215-4C56-9C3A-3EE000310097}.Release|x86.ActiveCfg = Release|Any CPU
		{8D8996CC-6215-4C56-9C3A-3EE000310097}.Release|x86.Build.0 = Release|Any CPU
		{CDA7AF3D-4093-4DA1-988F-99BB2B534313}.Debug|Any CPU.ActiveCfg = Debug|Any CPU
		{CDA7AF3D-4093-4DA1-988F-99BB2B534313}.Debug|Any CPU.Build.0 = Debug|Any CPU
		{CDA7AF3D-4093-4DA1-988F-99BB2B534313}.Debug|x64.ActiveCfg = Debug|Any CPU
		{CDA7AF3D-4093-4DA1-988F-99BB2B534313}.Debug|x64.Build.0 = Debug|Any CPU
		{CDA7AF3D-4093-4DA1-988F-99BB2B534313}.Debug|x86.ActiveCfg = Debug|Any CPU
		{CDA7AF3D-4093-4DA1-988F-99BB2B534313}.Debug|x86.Build.0 = Debug|Any CPU
		{CDA7AF3D-4093-4DA1-988F-99BB2B534313}.Release|Any CPU.ActiveCfg = Release|Any CPU
		{CDA7AF3D-4093-4DA1-988F-99BB2B534313}.Release|Any CPU.Build.0 = Release|Any CPU
		{CDA7AF3D-4093-4DA1-988F-99BB2B534313}.Release|x64.ActiveCfg = Release|Any CPU
		{CDA7AF3D-4093-4DA1-988F-99BB2B534313}.Release|x64.Build.0 = Release|Any CPU
		{CDA7AF3D-4093-4DA1-988F-99BB2B534313}.Release|x86.ActiveCfg = Release|Any CPU
		{CDA7AF3D-4093-4DA1-988F-99BB2B534313}.Release|x86.Build.0 = Release|Any CPU
		{1DDF873A-0B9F-48A5-AF83-79E24E43B1E0}.Debug|Any CPU.ActiveCfg = Debug|Any CPU
		{1DDF873A-0B9F-48A5-AF83-79E24E43B1E0}.Debug|Any CPU.Build.0 = Debug|Any CPU
		{1DDF873A-0B9F-48A5-AF83-79E24E43B1E0}.Debug|x64.ActiveCfg = Debug|Any CPU
		{1DDF873A-0B9F-48A5-AF83-79E24E43B1E0}.Debug|x64.Build.0 = Debug|Any CPU
		{1DDF873A-0B9F-48A5-AF83-79E24E43B1E0}.Debug|x86.ActiveCfg = Debug|Any CPU
		{1DDF873A-0B9F-48A5-AF83-79E24E43B1E0}.Debug|x86.Build.0 = Debug|Any CPU
		{1DDF873A-0B9F-48A5-AF83-79E24E43B1E0}.Release|Any CPU.ActiveCfg = Release|Any CPU
		{1DDF873A-0B9F-48A5-AF83-79E24E43B1E0}.Release|Any CPU.Build.0 = Release|Any CPU
		{1DDF873A-0B9F-48A5-AF83-79E24E43B1E0}.Release|x64.ActiveCfg = Release|Any CPU
		{1DDF873A-0B9F-48A5-AF83-79E24E43B1E0}.Release|x64.Build.0 = Release|Any CPU
		{1DDF873A-0B9F-48A5-AF83-79E24E43B1E0}.Release|x86.ActiveCfg = Release|Any CPU
		{1DDF873A-0B9F-48A5-AF83-79E24E43B1E0}.Release|x86.Build.0 = Release|Any CPU
		{77EE9FD9-FF7F-4976-AFC9-CB3A4DD74292}.Debug|Any CPU.ActiveCfg = Debug|Any CPU
		{77EE9FD9-FF7F-4976-AFC9-CB3A4DD74292}.Debug|Any CPU.Build.0 = Debug|Any CPU
		{77EE9FD9-FF7F-4976-AFC9-CB3A4DD74292}.Debug|x64.ActiveCfg = Debug|Any CPU
		{77EE9FD9-FF7F-4976-AFC9-CB3A4DD74292}.Debug|x64.Build.0 = Debug|Any CPU
		{77EE9FD9-FF7F-4976-AFC9-CB3A4DD74292}.Debug|x86.ActiveCfg = Debug|Any CPU
		{77EE9FD9-FF7F-4976-AFC9-CB3A4DD74292}.Debug|x86.Build.0 = Debug|Any CPU
		{77EE9FD9-FF7F-4976-AFC9-CB3A4DD74292}.Release|Any CPU.ActiveCfg = Release|Any CPU
		{77EE9FD9-FF7F-4976-AFC9-CB3A4DD74292}.Release|Any CPU.Build.0 = Release|Any CPU
		{77EE9FD9-FF7F-4976-AFC9-CB3A4DD74292}.Release|x64.ActiveCfg = Release|Any CPU
		{77EE9FD9-FF7F-4976-AFC9-CB3A4DD74292}.Release|x64.Build.0 = Release|Any CPU
		{77EE9FD9-FF7F-4976-AFC9-CB3A4DD74292}.Release|x86.ActiveCfg = Release|Any CPU
		{77EE9FD9-FF7F-4976-AFC9-CB3A4DD74292}.Release|x86.Build.0 = Release|Any CPU
		{47205A73-30E3-44CC-9D63-E36C1C648904}.Debug|Any CPU.ActiveCfg = Debug|Any CPU
		{47205A73-30E3-44CC-9D63-E36C1C648904}.Debug|Any CPU.Build.0 = Debug|Any CPU
		{47205A73-30E3-44CC-9D63-E36C1C648904}.Debug|x64.ActiveCfg = Debug|Any CPU
		{47205A73-30E3-44CC-9D63-E36C1C648904}.Debug|x64.Build.0 = Debug|Any CPU
		{47205A73-30E3-44CC-9D63-E36C1C648904}.Debug|x86.ActiveCfg = Debug|Any CPU
		{47205A73-30E3-44CC-9D63-E36C1C648904}.Debug|x86.Build.0 = Debug|Any CPU
		{47205A73-30E3-44CC-9D63-E36C1C648904}.Release|Any CPU.ActiveCfg = Release|Any CPU
		{47205A73-30E3-44CC-9D63-E36C1C648904}.Release|Any CPU.Build.0 = Release|Any CPU
		{47205A73-30E3-44CC-9D63-E36C1C648904}.Release|x64.ActiveCfg = Release|Any CPU
		{47205A73-30E3-44CC-9D63-E36C1C648904}.Release|x64.Build.0 = Release|Any CPU
		{47205A73-30E3-44CC-9D63-E36C1C648904}.Release|x86.ActiveCfg = Release|Any CPU
		{47205A73-30E3-44CC-9D63-E36C1C648904}.Release|x86.Build.0 = Release|Any CPU
		{74BAF560-0AF6-4641-BCB1-E30145F0B834}.Debug|Any CPU.ActiveCfg = Debug|Any CPU
		{74BAF560-0AF6-4641-BCB1-E30145F0B834}.Debug|Any CPU.Build.0 = Debug|Any CPU
		{74BAF560-0AF6-4641-BCB1-E30145F0B834}.Debug|x64.ActiveCfg = Debug|Any CPU
		{74BAF560-0AF6-4641-BCB1-E30145F0B834}.Debug|x64.Build.0 = Debug|Any CPU
		{74BAF560-0AF6-4641-BCB1-E30145F0B834}.Debug|x86.ActiveCfg = Debug|Any CPU
		{74BAF560-0AF6-4641-BCB1-E30145F0B834}.Debug|x86.Build.0 = Debug|Any CPU
		{74BAF560-0AF6-4641-BCB1-E30145F0B834}.Release|Any CPU.ActiveCfg = Release|Any CPU
		{74BAF560-0AF6-4641-BCB1-E30145F0B834}.Release|Any CPU.Build.0 = Release|Any CPU
		{74BAF560-0AF6-4641-BCB1-E30145F0B834}.Release|x64.ActiveCfg = Release|Any CPU
		{74BAF560-0AF6-4641-BCB1-E30145F0B834}.Release|x64.Build.0 = Release|Any CPU
		{74BAF560-0AF6-4641-BCB1-E30145F0B834}.Release|x86.ActiveCfg = Release|Any CPU
		{74BAF560-0AF6-4641-BCB1-E30145F0B834}.Release|x86.Build.0 = Release|Any CPU
		{25C1A60A-E03D-4467-8B22-0C222905D02B}.Debug|Any CPU.ActiveCfg = Debug|Any CPU
		{25C1A60A-E03D-4467-8B22-0C222905D02B}.Debug|Any CPU.Build.0 = Debug|Any CPU
		{25C1A60A-E03D-4467-8B22-0C222905D02B}.Debug|x64.ActiveCfg = Debug|Any CPU
		{25C1A60A-E03D-4467-8B22-0C222905D02B}.Debug|x64.Build.0 = Debug|Any CPU
		{25C1A60A-E03D-4467-8B22-0C222905D02B}.Debug|x86.ActiveCfg = Debug|Any CPU
		{25C1A60A-E03D-4467-8B22-0C222905D02B}.Debug|x86.Build.0 = Debug|Any CPU
		{25C1A60A-E03D-4467-8B22-0C222905D02B}.Release|Any CPU.ActiveCfg = Release|Any CPU
		{25C1A60A-E03D-4467-8B22-0C222905D02B}.Release|Any CPU.Build.0 = Release|Any CPU
		{25C1A60A-E03D-4467-8B22-0C222905D02B}.Release|x64.ActiveCfg = Release|Any CPU
		{25C1A60A-E03D-4467-8B22-0C222905D02B}.Release|x64.Build.0 = Release|Any CPU
		{25C1A60A-E03D-4467-8B22-0C222905D02B}.Release|x86.ActiveCfg = Release|Any CPU
		{25C1A60A-E03D-4467-8B22-0C222905D02B}.Release|x86.Build.0 = Release|Any CPU
		{439C73A5-75F3-48CA-B046-974A20B5A790}.Debug|Any CPU.ActiveCfg = Debug|Any CPU
		{439C73A5-75F3-48CA-B046-974A20B5A790}.Debug|Any CPU.Build.0 = Debug|Any CPU
		{439C73A5-75F3-48CA-B046-974A20B5A790}.Debug|x64.ActiveCfg = Debug|Any CPU
		{439C73A5-75F3-48CA-B046-974A20B5A790}.Debug|x64.Build.0 = Debug|Any CPU
		{439C73A5-75F3-48CA-B046-974A20B5A790}.Debug|x86.ActiveCfg = Debug|Any CPU
		{439C73A5-75F3-48CA-B046-974A20B5A790}.Debug|x86.Build.0 = Debug|Any CPU
		{439C73A5-75F3-48CA-B046-974A20B5A790}.Release|Any CPU.ActiveCfg = Release|Any CPU
		{439C73A5-75F3-48CA-B046-974A20B5A790}.Release|Any CPU.Build.0 = Release|Any CPU
		{439C73A5-75F3-48CA-B046-974A20B5A790}.Release|x64.ActiveCfg = Release|Any CPU
		{439C73A5-75F3-48CA-B046-974A20B5A790}.Release|x64.Build.0 = Release|Any CPU
		{439C73A5-75F3-48CA-B046-974A20B5A790}.Release|x86.ActiveCfg = Release|Any CPU
		{439C73A5-75F3-48CA-B046-974A20B5A790}.Release|x86.Build.0 = Release|Any CPU
		{927AECFA-40C3-47C5-8003-2AFD406CE303}.Debug|Any CPU.ActiveCfg = Debug|Any CPU
		{927AECFA-40C3-47C5-8003-2AFD406CE303}.Debug|Any CPU.Build.0 = Debug|Any CPU
		{927AECFA-40C3-47C5-8003-2AFD406CE303}.Debug|x64.ActiveCfg = Debug|Any CPU
		{927AECFA-40C3-47C5-8003-2AFD406CE303}.Debug|x64.Build.0 = Debug|Any CPU
		{927AECFA-40C3-47C5-8003-2AFD406CE303}.Debug|x86.ActiveCfg = Debug|Any CPU
		{927AECFA-40C3-47C5-8003-2AFD406CE303}.Debug|x86.Build.0 = Debug|Any CPU
		{927AECFA-40C3-47C5-8003-2AFD406CE303}.Release|Any CPU.ActiveCfg = Release|Any CPU
		{927AECFA-40C3-47C5-8003-2AFD406CE303}.Release|Any CPU.Build.0 = Release|Any CPU
		{927AECFA-40C3-47C5-8003-2AFD406CE303}.Release|x64.ActiveCfg = Release|Any CPU
		{927AECFA-40C3-47C5-8003-2AFD406CE303}.Release|x64.Build.0 = Release|Any CPU
		{927AECFA-40C3-47C5-8003-2AFD406CE303}.Release|x86.ActiveCfg = Release|Any CPU
		{927AECFA-40C3-47C5-8003-2AFD406CE303}.Release|x86.Build.0 = Release|Any CPU
		{73039450-23D5-4E3B-960E-4A27640B7CFB}.Debug|Any CPU.ActiveCfg = Debug|x64
		{73039450-23D5-4E3B-960E-4A27640B7CFB}.Debug|Any CPU.Build.0 = Debug|x64
		{73039450-23D5-4E3B-960E-4A27640B7CFB}.Debug|x64.ActiveCfg = Debug|x64
		{73039450-23D5-4E3B-960E-4A27640B7CFB}.Debug|x64.Build.0 = Debug|x64
		{73039450-23D5-4E3B-960E-4A27640B7CFB}.Debug|x86.ActiveCfg = Debug|Win32
		{73039450-23D5-4E3B-960E-4A27640B7CFB}.Debug|x86.Build.0 = Debug|Win32
		{73039450-23D5-4E3B-960E-4A27640B7CFB}.Release|Any CPU.ActiveCfg = Release|x64
		{73039450-23D5-4E3B-960E-4A27640B7CFB}.Release|Any CPU.Build.0 = Release|x64
		{73039450-23D5-4E3B-960E-4A27640B7CFB}.Release|x64.ActiveCfg = Release|x64
		{73039450-23D5-4E3B-960E-4A27640B7CFB}.Release|x64.Build.0 = Release|x64
		{73039450-23D5-4E3B-960E-4A27640B7CFB}.Release|x86.ActiveCfg = Release|Win32
		{73039450-23D5-4E3B-960E-4A27640B7CFB}.Release|x86.Build.0 = Release|Win32
		{FA5392FB-F840-4A90-A1B1-A8D8A420CEF6}.Debug|Any CPU.ActiveCfg = Debug|x64
		{FA5392FB-F840-4A90-A1B1-A8D8A420CEF6}.Debug|Any CPU.Build.0 = Debug|x64
		{FA5392FB-F840-4A90-A1B1-A8D8A420CEF6}.Debug|x64.ActiveCfg = Debug|x64
		{FA5392FB-F840-4A90-A1B1-A8D8A420CEF6}.Debug|x64.Build.0 = Debug|x64
		{FA5392FB-F840-4A90-A1B1-A8D8A420CEF6}.Debug|x86.ActiveCfg = Debug|Win32
		{FA5392FB-F840-4A90-A1B1-A8D8A420CEF6}.Debug|x86.Build.0 = Debug|Win32
		{FA5392FB-F840-4A90-A1B1-A8D8A420CEF6}.Release|Any CPU.ActiveCfg = Release|x64
		{FA5392FB-F840-4A90-A1B1-A8D8A420CEF6}.Release|Any CPU.Build.0 = Release|x64
		{FA5392FB-F840-4A90-A1B1-A8D8A420CEF6}.Release|x64.ActiveCfg = Release|x64
		{FA5392FB-F840-4A90-A1B1-A8D8A420CEF6}.Release|x64.Build.0 = Release|x64
		{FA5392FB-F840-4A90-A1B1-A8D8A420CEF6}.Release|x86.ActiveCfg = Release|Win32
		{FA5392FB-F840-4A90-A1B1-A8D8A420CEF6}.Release|x86.Build.0 = Release|Win32
		{C5C1F14A-E135-4F01-BFC7-DDA20E93FF4F}.Debug|Any CPU.ActiveCfg = Debug|Any CPU
		{C5C1F14A-E135-4F01-BFC7-DDA20E93FF4F}.Debug|Any CPU.Build.0 = Debug|Any CPU
		{C5C1F14A-E135-4F01-BFC7-DDA20E93FF4F}.Debug|x64.ActiveCfg = Debug|Any CPU
		{C5C1F14A-E135-4F01-BFC7-DDA20E93FF4F}.Debug|x64.Build.0 = Debug|Any CPU
		{C5C1F14A-E135-4F01-BFC7-DDA20E93FF4F}.Debug|x86.ActiveCfg = Debug|Any CPU
		{C5C1F14A-E135-4F01-BFC7-DDA20E93FF4F}.Debug|x86.Build.0 = Debug|Any CPU
		{C5C1F14A-E135-4F01-BFC7-DDA20E93FF4F}.Release|Any CPU.ActiveCfg = Release|Any CPU
		{C5C1F14A-E135-4F01-BFC7-DDA20E93FF4F}.Release|Any CPU.Build.0 = Release|Any CPU
		{C5C1F14A-E135-4F01-BFC7-DDA20E93FF4F}.Release|x64.ActiveCfg = Release|Any CPU
		{C5C1F14A-E135-4F01-BFC7-DDA20E93FF4F}.Release|x64.Build.0 = Release|Any CPU
		{C5C1F14A-E135-4F01-BFC7-DDA20E93FF4F}.Release|x86.ActiveCfg = Release|Any CPU
		{C5C1F14A-E135-4F01-BFC7-DDA20E93FF4F}.Release|x86.Build.0 = Release|Any CPU
		{69575F33-0625-4807-A425-4615DD575E8A}.Debug|Any CPU.ActiveCfg = Debug|x64
		{69575F33-0625-4807-A425-4615DD575E8A}.Debug|Any CPU.Build.0 = Debug|x64
		{69575F33-0625-4807-A425-4615DD575E8A}.Debug|x64.ActiveCfg = Debug|x64
		{69575F33-0625-4807-A425-4615DD575E8A}.Debug|x64.Build.0 = Debug|x64
		{69575F33-0625-4807-A425-4615DD575E8A}.Debug|x86.ActiveCfg = Debug|Win32
		{69575F33-0625-4807-A425-4615DD575E8A}.Debug|x86.Build.0 = Debug|Win32
		{69575F33-0625-4807-A425-4615DD575E8A}.Release|Any CPU.ActiveCfg = Release|x64
		{69575F33-0625-4807-A425-4615DD575E8A}.Release|Any CPU.Build.0 = Release|x64
		{69575F33-0625-4807-A425-4615DD575E8A}.Release|x64.ActiveCfg = Release|x64
		{69575F33-0625-4807-A425-4615DD575E8A}.Release|x64.Build.0 = Release|x64
		{69575F33-0625-4807-A425-4615DD575E8A}.Release|x86.ActiveCfg = Release|Win32
		{69575F33-0625-4807-A425-4615DD575E8A}.Release|x86.Build.0 = Release|Win32
		{8855233E-5958-43D0-9AD8-9CEF255C6859}.Debug|Any CPU.ActiveCfg = Debug|Any CPU
		{8855233E-5958-43D0-9AD8-9CEF255C6859}.Debug|Any CPU.Build.0 = Debug|Any CPU
		{8855233E-5958-43D0-9AD8-9CEF255C6859}.Debug|x64.ActiveCfg = Debug|Any CPU
		{8855233E-5958-43D0-9AD8-9CEF255C6859}.Debug|x64.Build.0 = Debug|Any CPU
		{8855233E-5958-43D0-9AD8-9CEF255C6859}.Debug|x86.ActiveCfg = Debug|Any CPU
		{8855233E-5958-43D0-9AD8-9CEF255C6859}.Debug|x86.Build.0 = Debug|Any CPU
		{8855233E-5958-43D0-9AD8-9CEF255C6859}.Release|Any CPU.ActiveCfg = Release|Any CPU
		{8855233E-5958-43D0-9AD8-9CEF255C6859}.Release|Any CPU.Build.0 = Release|Any CPU
		{8855233E-5958-43D0-9AD8-9CEF255C6859}.Release|x64.ActiveCfg = Release|Any CPU
		{8855233E-5958-43D0-9AD8-9CEF255C6859}.Release|x64.Build.0 = Release|Any CPU
		{8855233E-5958-43D0-9AD8-9CEF255C6859}.Release|x86.ActiveCfg = Release|Any CPU
		{8855233E-5958-43D0-9AD8-9CEF255C6859}.Release|x86.Build.0 = Release|Any CPU
	EndGlobalSection
	GlobalSection(SolutionProperties) = preSolution
		HideSolutionNode = FALSE
	EndGlobalSection
	GlobalSection(ExtensibilityGlobals) = postSolution
		SolutionGuid = {BD81E850-4EF9-4F43-94DB-5436FB7050D3}
	EndGlobalSection
EndGlobal
