
Microsoft Visual Studio Solution File, Format Version 12.00
# Visual Studio Version 16
VisualStudioVersion = 16.0.31911.196
MinimumVisualStudioVersion = 10.0.40219.1
Project("{FAE04EC0-301F-11D3-BF4B-00C04F79EFBC}") = "BuildingMaterialStore", "BuildingMaterialStore\BuildingMaterialStore.csproj", "{BFCEAC62-5705-44FC-929C-ECB310A87571}"
EndProject
Project("{FAE04EC0-301F-11D3-BF4B-00C04F79EFBC}") = "FuelStation", "FuelStation\FuelStation.csproj", "{8D8996CC-6215-4C56-9C3A-3EE000310097}"
EndProject
Project("{8BC9CEB8-8B4A-11D0-8D11-00A0C91BC942}") = "TasksCPP", "TasksCPP\TasksCPP.vcxproj", "{774062E3-C129-417E-AE63-D8D99BD460F6}"
EndProject
Project("{8BC9CEB8-8B4A-11D0-8D11-00A0C91BC942}") = "MatrixDet", "MatrixDet\MatrixDet.vcxproj", "{FA5392FB-F840-4A90-A1B1-A8D8A420CEF6}"
EndProject
Project("{8BC9CEB8-8B4A-11D0-8D11-00A0C91BC942}") = "Beehive", "Beehive\Beehive.vcxproj", "{432167B8-3504-41EC-90B7-5A674C6A7F20}"
EndProject
Global
	GlobalSection(SolutionConfigurationPlatforms) = preSolution
		Debug|Any CPU = Debug|Any CPU
		Debug|x64 = Debug|x64
		Debug|x86 = Debug|x86
		Release|Any CPU = Release|Any CPU
		Release|x64 = Release|x64
		Release|x86 = Release|x86
	EndGlobalSection
	GlobalSection(ProjectConfigurationPlatforms) = postSolution
		{BFCEAC62-5705-44FC-929C-ECB310A87571}.Debug|Any CPU.ActiveCfg = Debug|Any CPU
		{BFCEAC62-5705-44FC-929C-ECB310A87571}.Debug|Any CPU.Build.0 = Debug|Any CPU
		{BFCEAC62-5705-44FC-929C-ECB310A87571}.Debug|x64.ActiveCfg = Debug|Any CPU
		{BFCEAC62-5705-44FC-929C-ECB310A87571}.Debug|x64.Build.0 = Debug|Any CPU
		{BFCEAC62-5705-44FC-929C-ECB310A87571}.Debug|x86.ActiveCfg = Debug|Any CPU
		{BFCEAC62-5705-44FC-929C-ECB310A87571}.Debug|x86.Build.0 = Debug|Any CPU
		{BFCEAC62-5705-44FC-929C-ECB310A87571}.Release|Any CPU.ActiveCfg = Release|Any CPU
		{BFCEAC62-5705-44FC-929C-ECB310A87571}.Release|Any CPU.Build.0 = Release|Any CPU
		{BFCEAC62-5705-44FC-929C-ECB310A87571}.Release|x64.ActiveCfg = Release|Any CPU
		{BFCEAC62-5705-44FC-929C-ECB310A87571}.Release|x64.Build.0 = Release|Any CPU
		{BFCEAC62-5705-44FC-929C-ECB310A87571}.Release|x86.ActiveCfg = Release|Any CPU
		{BFCEAC62-5705-44FC-929C-ECB310A87571}.Release|x86.Build.0 = Release|Any CPU
		{8D8996CC-6215-4C56-9C3A-3EE000310097}.Debug|Any CPU.ActiveCfg = Debug|Any CPU
		{8D8996CC-6215-4C56-9C3A-3EE000310097}.Debug|Any CPU.Build.0 = Debug|Any CPU
		{8D8996CC-6215-4C56-9C3A-3EE000310097}.Debug|x64.ActiveCfg = Debug|Any CPU
		{8D8996CC-6215-4C56-9C3A-3EE000310097}.Debug|x64.Build.0 = Debug|Any CPU
		{8D8996CC-6215-4C56-9C3A-3EE000310097}.Debug|x86.ActiveCfg = Debug|Any CPU
		{8D8996CC-6215-4C56-9C3A-3EE000310097}.Debug|x86.Build.0 = Debug|Any CPU
		{8D8996CC-6215-4C56-9C3A-3EE000310097}.Release|Any CPU.ActiveCfg = Release|Any CPU
		{8D8996CC-6215-4C56-9C3A-3EE000310097}.Release|Any CPU.Build.0 = Release|Any CPU
		{8D8996CC-6215-4C56-9C3A-3EE000310097}.Release|x64.ActiveCfg = Release|Any CPU
		{8D8996CC-6215-4C56-9C3A-3EE000310097}.Release|x64.Build.0 = Release|Any CPU
		{8D8996CC-6215-4C56-9C3A-3EE000310097}.Release|x86.ActiveCfg = Release|Any CPU
		{8D8996CC-6215-4C56-9C3A-3EE000310097}.Release|x86.Build.0 = Release|Any CPU
		{774062E3-C129-417E-AE63-D8D99BD460F6}.Debug|Any CPU.ActiveCfg = Debug|Win32
		{774062E3-C129-417E-AE63-D8D99BD460F6}.Debug|x64.ActiveCfg = Debug|x64
		{774062E3-C129-417E-AE63-D8D99BD460F6}.Debug|x64.Build.0 = Debug|x64
		{774062E3-C129-417E-AE63-D8D99BD460F6}.Debug|x86.ActiveCfg = Debug|Win32
		{774062E3-C129-417E-AE63-D8D99BD460F6}.Debug|x86.Build.0 = Debug|Win32
		{774062E3-C129-417E-AE63-D8D99BD460F6}.Release|Any CPU.ActiveCfg = Release|Win32
		{774062E3-C129-417E-AE63-D8D99BD460F6}.Release|x64.ActiveCfg = Release|x64
		{774062E3-C129-417E-AE63-D8D99BD460F6}.Release|x64.Build.0 = Release|x64
		{774062E3-C129-417E-AE63-D8D99BD460F6}.Release|x86.ActiveCfg = Release|Win32
		{774062E3-C129-417E-AE63-D8D99BD460F6}.Release|x86.Build.0 = Release|Win32
		{FA5392FB-F840-4A90-A1B1-A8D8A420CEF6}.Debug|Any CPU.ActiveCfg = Debug|Win32
		{FA5392FB-F840-4A90-A1B1-A8D8A420CEF6}.Debug|x64.ActiveCfg = Debug|x64
		{FA5392FB-F840-4A90-A1B1-A8D8A420CEF6}.Debug|x64.Build.0 = Debug|x64
		{FA5392FB-F840-4A90-A1B1-A8D8A420CEF6}.Debug|x86.ActiveCfg = Debug|Win32
		{FA5392FB-F840-4A90-A1B1-A8D8A420CEF6}.Debug|x86.Build.0 = Debug|Win32
		{FA5392FB-F840-4A90-A1B1-A8D8A420CEF6}.Release|Any CPU.ActiveCfg = Release|Win32
		{FA5392FB-F840-4A90-A1B1-A8D8A420CEF6}.Release|x64.ActiveCfg = Release|x64
		{FA5392FB-F840-4A90-A1B1-A8D8A420CEF6}.Release|x64.Build.0 = Release|x64
		{FA5392FB-F840-4A90-A1B1-A8D8A420CEF6}.Release|x86.ActiveCfg = Release|Win32
		{FA5392FB-F840-4A90-A1B1-A8D8A420CEF6}.Release|x86.Build.0 = Release|Win32
		{432167B8-3504-41EC-90B7-5A674C6A7F20}.Debug|Any CPU.ActiveCfg = Debug|Win32
		{432167B8-3504-41EC-90B7-5A674C6A7F20}.Debug|x64.ActiveCfg = Debug|x64
		{432167B8-3504-41EC-90B7-5A674C6A7F20}.Debug|x64.Build.0 = Debug|x64
		{432167B8-3504-41EC-90B7-5A674C6A7F20}.Debug|x86.ActiveCfg = Debug|Win32
		{432167B8-3504-41EC-90B7-5A674C6A7F20}.Debug|x86.Build.0 = Debug|Win32
		{432167B8-3504-41EC-90B7-5A674C6A7F20}.Release|Any CPU.ActiveCfg = Release|Win32
		{432167B8-3504-41EC-90B7-5A674C6A7F20}.Release|x64.ActiveCfg = Release|x64
		{432167B8-3504-41EC-90B7-5A674C6A7F20}.Release|x64.Build.0 = Release|x64
		{432167B8-3504-41EC-90B7-5A674C6A7F20}.Release|x86.ActiveCfg = Release|Win32
		{432167B8-3504-41EC-90B7-5A674C6A7F20}.Release|x86.Build.0 = Release|Win32
	EndGlobalSection
	GlobalSection(SolutionProperties) = preSolution
		HideSolutionNode = FALSE
	EndGlobalSection
	GlobalSection(ExtensibilityGlobals) = postSolution
		SolutionGuid = {BD81E850-4EF9-4F43-94DB-5436FB7050D3}
	EndGlobalSection
EndGlobal
